// !$*UTF8*$!
{
	archiveVersion = 1;
	classes = {
	};
	objectVersion = 48;
	objects = {

/* Begin PBXBuildFile section */
		6CA1942B1FDAE43B004E8EEA /* AppDelegate.swift in Sources */ = {isa = PBXBuildFile; fileRef = 6CA1942A1FDAE43B004E8EEA /* AppDelegate.swift */; };
		6CA1942D1FDAE43B004E8EEA /* ViewController.swift in Sources */ = {isa = PBXBuildFile; fileRef = 6CA1942C1FDAE43B004E8EEA /* ViewController.swift */; };
		6CA194301FDAE43B004E8EEA /* Main.storyboard in Resources */ = {isa = PBXBuildFile; fileRef = 6CA1942E1FDAE43B004E8EEA /* Main.storyboard */; };
		6CA194321FDAE43B004E8EEA /* Assets.xcassets in Resources */ = {isa = PBXBuildFile; fileRef = 6CA194311FDAE43B004E8EEA /* Assets.xcassets */; };
		6CA194351FDAE43B004E8EEA /* LaunchScreen.storyboard in Resources */ = {isa = PBXBuildFile; fileRef = 6CA194331FDAE43B004E8EEA /* LaunchScreen.storyboard */; };
		6CA194401FDAE43C004E8EEA /* HelloWorldTests.swift in Sources */ = {isa = PBXBuildFile; fileRef = 6CA1943F1FDAE43C004E8EEA /* HelloWorldTests.swift */; };
		6CA1944B1FDAE43C004E8EEA /* HelloWorldUITests.swift in Sources */ = {isa = PBXBuildFile; fileRef = 6CA1944A1FDAE43C004E8EEA /* HelloWorldUITests.swift */; };
/* End PBXBuildFile section */

/* Begin PBXContainerItemProxy section */
		6CA1943C1FDAE43C004E8EEA /* PBXContainerItemProxy */ = {
			isa = PBXContainerItemProxy;
			containerPortal = 6CA1941F1FDAE43B004E8EEA /* Project object */;
			proxyType = 1;
			remoteGlobalIDString = 6CA194261FDAE43B004E8EEA;
			remoteInfo = HelloWorld;
		};
		6CA194471FDAE43C004E8EEA /* PBXContainerItemProxy */ = {
			isa = PBXContainerItemProxy;
			containerPortal = 6CA1941F1FDAE43B004E8EEA /* Project object */;
			proxyType = 1;
			remoteGlobalIDString = 6CA194261FDAE43B004E8EEA;
			remoteInfo = HelloWorld;
		};
/* End PBXContainerItemProxy section */

/* Begin PBXFileReference section */
		6CA194271FDAE43B004E8EEA /* HelloWorld.app */ = {isa = PBXFileReference; explicitFileType = wrapper.application; includeInIndex = 0; path = HelloWorld.app; sourceTree = BUILT_PRODUCTS_DIR; };
		6CA1942A1FDAE43B004E8EEA /* AppDelegate.swift */ = {isa = PBXFileReference; lastKnownFileType = sourcecode.swift; path = AppDelegate.swift; sourceTree = "<group>"; };
		6CA1942C1FDAE43B004E8EEA /* ViewController.swift */ = {isa = PBXFileReference; lastKnownFileType = sourcecode.swift; path = ViewController.swift; sourceTree = "<group>"; };
		6CA1942F1FDAE43B004E8EEA /* Base */ = {isa = PBXFileReference; lastKnownFileType = file.storyboard; name = Base; path = Base.lproj/Main.storyboard; sourceTree = "<group>"; };
		6CA194311FDAE43B004E8EEA /* Assets.xcassets */ = {isa = PBXFileReference; lastKnownFileType = folder.assetcatalog; path = Assets.xcassets; sourceTree = "<group>"; };
		6CA194341FDAE43B004E8EEA /* Base */ = {isa = PBXFileReference; lastKnownFileType = file.storyboard; name = Base; path = Base.lproj/LaunchScreen.storyboard; sourceTree = "<group>"; };
		6CA194361FDAE43B004E8EEA /* Info.plist */ = {isa = PBXFileReference; lastKnownFileType = text.plist.xml; path = Info.plist; sourceTree = "<group>"; };
		6CA1943B1FDAE43C004E8EEA /* HelloWorldTests.xctest */ = {isa = PBXFileReference; explicitFileType = wrapper.cfbundle; includeInIndex = 0; path = HelloWorldTests.xctest; sourceTree = BUILT_PRODUCTS_DIR; };
		6CA1943F1FDAE43C004E8EEA /* HelloWorldTests.swift */ = {isa = PBXFileReference; lastKnownFileType = sourcecode.swift; path = HelloWorldTests.swift; sourceTree = "<group>"; };
		6CA194411FDAE43C004E8EEA /* Info.plist */ = {isa = PBXFileReference; lastKnownFileType = text.plist.xml; path = Info.plist; sourceTree = "<group>"; };
		6CA194461FDAE43C004E8EEA /* HelloWorldUITests.xctest */ = {isa = PBXFileReference; explicitFileType = wrapper.cfbundle; includeInIndex = 0; path = HelloWorldUITests.xctest; sourceTree = BUILT_PRODUCTS_DIR; };
		6CA1944A1FDAE43C004E8EEA /* HelloWorldUITests.swift */ = {isa = PBXFileReference; lastKnownFileType = sourcecode.swift; path = HelloWorldUITests.swift; sourceTree = "<group>"; };
		6CA1944C1FDAE43C004E8EEA /* Info.plist */ = {isa = PBXFileReference; lastKnownFileType = text.plist.xml; path = Info.plist; sourceTree = "<group>"; };
/* End PBXFileReference section */

/* Begin PBXFrameworksBuildPhase section */
		6CA194241FDAE43B004E8EEA /* Frameworks */ = {
			isa = PBXFrameworksBuildPhase;
			buildActionMask = 2147483647;
			files = (
			);
			runOnlyForDeploymentPostprocessing = 0;
		};
		6CA194381FDAE43B004E8EEA /* Frameworks */ = {
			isa = PBXFrameworksBuildPhase;
			buildActionMask = 2147483647;
			files = (
			);
			runOnlyForDeploymentPostprocessing = 0;
		};
		6CA194431FDAE43C004E8EEA /* Frameworks */ = {
			isa = PBXFrameworksBuildPhase;
			buildActionMask = 2147483647;
			files = (
			);
			runOnlyForDeploymentPostprocessing = 0;
		};
/* End PBXFrameworksBuildPhase section */

/* Begin PBXGroup section */
		6CA1941E1FDAE43B004E8EEA = {
			isa = PBXGroup;
			children = (
				6CA194291FDAE43B004E8EEA /* HelloWorld */,
				6CA1943E1FDAE43C004E8EEA /* HelloWorldTests */,
				6CA194491FDAE43C004E8EEA /* HelloWorldUITests */,
				6CA194281FDAE43B004E8EEA /* Products */,
			);
			sourceTree = "<group>";
		};
		6CA194281FDAE43B004E8EEA /* Products */ = {
			isa = PBXGroup;
			children = (
				6CA194271FDAE43B004E8EEA /* HelloWorld.app */,
				6CA1943B1FDAE43C004E8EEA /* HelloWorldTests.xctest */,
				6CA194461FDAE43C004E8EEA /* HelloWorldUITests.xctest */,
			);
			name = Products;
			sourceTree = "<group>";
		};
		6CA194291FDAE43B004E8EEA /* HelloWorld */ = {
			isa = PBXGroup;
			children = (
				6CA1942A1FDAE43B004E8EEA /* AppDelegate.swift */,
				6CA1942C1FDAE43B004E8EEA /* ViewController.swift */,
				6CA1942E1FDAE43B004E8EEA /* Main.storyboard */,
				6CA194311FDAE43B004E8EEA /* Assets.xcassets */,
				6CA194331FDAE43B004E8EEA /* LaunchScreen.storyboard */,
				6CA194361FDAE43B004E8EEA /* Info.plist */,
			);
			path = HelloWorld;
			sourceTree = "<group>";
		};
		6CA1943E1FDAE43C004E8EEA /* HelloWorldTests */ = {
			isa = PBXGroup;
			children = (
				6CA1943F1FDAE43C004E8EEA /* HelloWorldTests.swift */,
				6CA194411FDAE43C004E8EEA /* Info.plist */,
			);
			path = HelloWorldTests;
			sourceTree = "<group>";
		};
		6CA194491FDAE43C004E8EEA /* HelloWorldUITests */ = {
			isa = PBXGroup;
			children = (
				6CA1944A1FDAE43C004E8EEA /* HelloWorldUITests.swift */,
				6CA1944C1FDAE43C004E8EEA /* Info.plist */,
			);
			path = HelloWorldUITests;
			sourceTree = "<group>";
		};
/* End PBXGroup section */

/* Begin PBXNativeTarget section */
		6CA194261FDAE43B004E8EEA /* HelloWorld */ = {
			isa = PBXNativeTarget;
			buildConfigurationList = 6CA1944F1FDAE43C004E8EEA /* Build configuration list for PBXNativeTarget "HelloWorld" */;
			buildPhases = (
				6CA194231FDAE43B004E8EEA /* Sources */,
				6CA194241FDAE43B004E8EEA /* Frameworks */,
				6CA194251FDAE43B004E8EEA /* Resources */,
			);
			buildRules = (
			);
			dependencies = (
			);
			name = HelloWorld;
			productName = HelloWorld;
			productReference = 6CA194271FDAE43B004E8EEA /* HelloWorld.app */;
			productType = "com.apple.product-type.application";
		};
		6CA1943A1FDAE43B004E8EEA /* HelloWorldTests */ = {
			isa = PBXNativeTarget;
			buildConfigurationList = 6CA194521FDAE43C004E8EEA /* Build configuration list for PBXNativeTarget "HelloWorldTests" */;
			buildPhases = (
				6CA194371FDAE43B004E8EEA /* Sources */,
				6CA194381FDAE43B004E8EEA /* Frameworks */,
				6CA194391FDAE43B004E8EEA /* Resources */,
			);
			buildRules = (
			);
			dependencies = (
				6CA1943D1FDAE43C004E8EEA /* PBXTargetDependency */,
			);
			name = HelloWorldTests;
			productName = HelloWorldTests;
			productReference = 6CA1943B1FDAE43C004E8EEA /* HelloWorldTests.xctest */;
			productType = "com.apple.product-type.bundle.unit-test";
		};
		6CA194451FDAE43C004E8EEA /* HelloWorldUITests */ = {
			isa = PBXNativeTarget;
			buildConfigurationList = 6CA194551FDAE43C004E8EEA /* Build configuration list for PBXNativeTarget "HelloWorldUITests" */;
			buildPhases = (
				6CA194421FDAE43C004E8EEA /* Sources */,
				6CA194431FDAE43C004E8EEA /* Frameworks */,
				6CA194441FDAE43C004E8EEA /* Resources */,
			);
			buildRules = (
			);
			dependencies = (
				6CA194481FDAE43C004E8EEA /* PBXTargetDependency */,
			);
			name = HelloWorldUITests;
			productName = HelloWorldUITests;
			productReference = 6CA194461FDAE43C004E8EEA /* HelloWorldUITests.xctest */;
			productType = "com.apple.product-type.bundle.ui-testing";
		};
/* End PBXNativeTarget section */

/* Begin PBXProject section */
		6CA1941F1FDAE43B004E8EEA /* Project object */ = {
			isa = PBXProject;
			attributes = {
				LastSwiftUpdateCheck = 0920;
				LastUpgradeCheck = 0920;
				ORGANIZATIONNAME = "Tyler Cliber";
				TargetAttributes = {
					6CA194261FDAE43B004E8EEA = {
						CreatedOnToolsVersion = 9.2;
						ProvisioningStyle = Automatic;
					};
					6CA1943A1FDAE43B004E8EEA = {
						CreatedOnToolsVersion = 9.2;
						ProvisioningStyle = Automatic;
						TestTargetID = 6CA194261FDAE43B004E8EEA;
					};
					6CA194451FDAE43C004E8EEA = {
						CreatedOnToolsVersion = 9.2;
						ProvisioningStyle = Automatic;
						TestTargetID = 6CA194261FDAE43B004E8EEA;
					};
				};
			};
			buildConfigurationList = 6CA194221FDAE43B004E8EEA /* Build configuration list for PBXProject "HelloWorld" */;
			compatibilityVersion = "Xcode 8.0";
			developmentRegion = en;
			hasScannedForEncodings = 0;
			knownRegions = (
				en,
				Base,
			);
			mainGroup = 6CA1941E1FDAE43B004E8EEA;
			productRefGroup = 6CA194281FDAE43B004E8EEA /* Products */;
			projectDirPath = "";
			projectRoot = "";
			targets = (
				6CA194261FDAE43B004E8EEA /* HelloWorld */,
				6CA1943A1FDAE43B004E8EEA /* HelloWorldTests */,
				6CA194451FDAE43C004E8EEA /* HelloWorldUITests */,
			);
		};
/* End PBXProject section */

/* Begin PBXResourcesBuildPhase section */
		6CA194251FDAE43B004E8EEA /* Resources */ = {
			isa = PBXResourcesBuildPhase;
			buildActionMask = 2147483647;
			files = (
				6CA194351FDAE43B004E8EEA /* LaunchScreen.storyboard in Resources */,
				6CA194321FDAE43B004E8EEA /* Assets.xcassets in Resources */,
				6CA194301FDAE43B004E8EEA /* Main.storyboard in Resources */,
			);
			runOnlyForDeploymentPostprocessing = 0;
		};
		6CA194391FDAE43B004E8EEA /* Resources */ = {
			isa = PBXResourcesBuildPhase;
			buildActionMask = 2147483647;
			files = (
			);
			runOnlyForDeploymentPostprocessing = 0;
		};
		6CA194441FDAE43C004E8EEA /* Resources */ = {
			isa = PBXResourcesBuildPhase;
			buildActionMask = 2147483647;
			files = (
			);
			runOnlyForDeploymentPostprocessing = 0;
		};
/* End PBXResourcesBuildPhase section */

/* Begin PBXSourcesBuildPhase section */
		6CA194231FDAE43B004E8EEA /* Sources */ = {
			isa = PBXSourcesBuildPhase;
			buildActionMask = 2147483647;
			files = (
				6CA1942D1FDAE43B004E8EEA /* ViewController.swift in Sources */,
				6CA1942B1FDAE43B004E8EEA /* AppDelegate.swift in Sources */,
			);
			runOnlyForDeploymentPostprocessing = 0;
		};
		6CA194371FDAE43B004E8EEA /* Sources */ = {
			isa = PBXSourcesBuildPhase;
			buildActionMask = 2147483647;
			files = (
				6CA194401FDAE43C004E8EEA /* HelloWorldTests.swift in Sources */,
			);
			runOnlyForDeploymentPostprocessing = 0;
		};
		6CA194421FDAE43C004E8EEA /* Sources */ = {
			isa = PBXSourcesBuildPhase;
			buildActionMask = 2147483647;
			files = (
				6CA1944B1FDAE43C004E8EEA /* HelloWorldUITests.swift in Sources */,
			);
			runOnlyForDeploymentPostprocessing = 0;
		};
/* End PBXSourcesBuildPhase section */

/* Begin PBXTargetDependency section */
		6CA1943D1FDAE43C004E8EEA /* PBXTargetDependency */ = {
			isa = PBXTargetDependency;
			target = 6CA194261FDAE43B004E8EEA /* HelloWorld */;
			targetProxy = 6CA1943C1FDAE43C004E8EEA /* PBXContainerItemProxy */;
		};
		6CA194481FDAE43C004E8EEA /* PBXTargetDependency */ = {
			isa = PBXTargetDependency;
			target = 6CA194261FDAE43B004E8EEA /* HelloWorld */;
			targetProxy = 6CA194471FDAE43C004E8EEA /* PBXContainerItemProxy */;
		};
/* End PBXTargetDependency section */

/* Begin PBXVariantGroup section */
		6CA1942E1FDAE43B004E8EEA /* Main.storyboard */ = {
			isa = PBXVariantGroup;
			children = (
				6CA1942F1FDAE43B004E8EEA /* Base */,
			);
			name = Main.storyboard;
			sourceTree = "<group>";
		};
		6CA194331FDAE43B004E8EEA /* LaunchScreen.storyboard */ = {
			isa = PBXVariantGroup;
			children = (
				6CA194341FDAE43B004E8EEA /* Base */,
			);
			name = LaunchScreen.storyboard;
			sourceTree = "<group>";
		};
/* End PBXVariantGroup section */

/* Begin XCBuildConfiguration section */
		6CA1944D1FDAE43C004E8EEA /* Debug */ = {
			isa = XCBuildConfiguration;
			buildSettings = {
				ALWAYS_SEARCH_USER_PATHS = NO;
				CLANG_ANALYZER_NONNULL = YES;
				CLANG_ANALYZER_NUMBER_OBJECT_CONVERSION = YES_AGGRESSIVE;
				CLANG_CXX_LANGUAGE_STANDARD = "gnu++14";
				CLANG_CXX_LIBRARY = "libc++";
				CLANG_ENABLE_MODULES = YES;
				CLANG_ENABLE_OBJC_ARC = YES;
				CLANG_WARN_BLOCK_CAPTURE_AUTORELEASING = YES;
				CLANG_WARN_BOOL_CONVERSION = YES;
				CLANG_WARN_COMMA = YES;
				CLANG_WARN_CONSTANT_CONVERSION = YES;
				CLANG_WARN_DIRECT_OBJC_ISA_USAGE = YES_ERROR;
				CLANG_WARN_DOCUMENTATION_COMMENTS = YES;
				CLANG_WARN_EMPTY_BODY = YES;
				CLANG_WARN_ENUM_CONVERSION = YES;
				CLANG_WARN_INFINITE_RECURSION = YES;
				CLANG_WARN_INT_CONVERSION = YES;
				CLANG_WARN_NON_LITERAL_NULL_CONVERSION = YES;
				CLANG_WARN_OBJC_LITERAL_CONVERSION = YES;
				CLANG_WARN_OBJC_ROOT_CLASS = YES_ERROR;
				CLANG_WARN_RANGE_LOOP_ANALYSIS = YES;
				CLANG_WARN_STRICT_PROTOTYPES = YES;
				CLANG_WARN_SUSPICIOUS_MOVE = YES;
				CLANG_WARN_UNGUARDED_AVAILABILITY = YES_AGGRESSIVE;
				CLANG_WARN_UNREACHABLE_CODE = YES;
				CLANG_WARN__DUPLICATE_METHOD_MATCH = YES;
				CODE_SIGN_IDENTITY = "iPhone Developer";
				COPY_PHASE_STRIP = NO;
				DEBUG_INFORMATION_FORMAT = dwarf;
				ENABLE_STRICT_OBJC_MSGSEND = YES;
				ENABLE_TESTABILITY = YES;
				GCC_C_LANGUAGE_STANDARD = gnu11;
				GCC_DYNAMIC_NO_PIC = NO;
				GCC_NO_COMMON_BLOCKS = YES;
				GCC_OPTIMIZATION_LEVEL = 0;
				GCC_PREPROCESSOR_DEFINITIONS = (
					"DEBUG=1",
					"$(inherited)",
				);
				GCC_WARN_64_TO_32_BIT_CONVERSION = YES;
				GCC_WARN_ABOUT_RETURN_TYPE = YES_ERROR;
				GCC_WARN_UNDECLARED_SELECTOR = YES;
				GCC_WARN_UNINITIALIZED_AUTOS = YES_AGGRESSIVE;
				GCC_WARN_UNUSED_FUNCTION = YES;
				GCC_WARN_UNUSED_VARIABLE = YES;
				IPHONEOS_DEPLOYMENT_TARGET = 11.2;
				MTL_ENABLE_DEBUG_INFO = YES;
				ONLY_ACTIVE_ARCH = YES;
				SDKROOT = iphoneos;
				SWIFT_ACTIVE_COMPILATION_CONDITIONS = DEBUG;
				SWIFT_OPTIMIZATION_LEVEL = "-Onone";
			};
			name = Debug;
		};
		6CA1944E1FDAE43C004E8EEA /* Release */ = {
			isa = XCBuildConfiguration;
			buildSettings = {
				ALWAYS_SEARCH_USER_PATHS = NO;
				CLANG_ANALYZER_NONNULL = YES;
				CLANG_ANALYZER_NUMBER_OBJECT_CONVERSION = YES_AGGRESSIVE;
				CLANG_CXX_LANGUAGE_STANDARD = "gnu++14";
				CLANG_CXX_LIBRARY = "libc++";
				CLANG_ENABLE_MODULES = YES;
				CLANG_ENABLE_OBJC_ARC = YES;
				CLANG_WARN_BLOCK_CAPTURE_AUTORELEASING = YES;
				CLANG_WARN_BOOL_CONVERSION = YES;
				CLANG_WARN_COMMA = YES;
				CLANG_WARN_CONSTANT_CONVERSION = YES;
				CLANG_WARN_DIRECT_OBJC_ISA_USAGE = YES_ERROR;
				CLANG_WARN_DOCUMENTATION_COMMENTS = YES;
				CLANG_WARN_EMPTY_BODY = YES;
				CLANG_WARN_ENUM_CONVERSION = YES;
				CLANG_WARN_INFINITE_RECURSION = YES;
				CLANG_WARN_INT_CONVERSION = YES;
				CLANG_WARN_NON_LITERAL_NULL_CONVERSION = YES;
				CLANG_WARN_OBJC_LITERAL_CONVERSION = YES;
				CLANG_WARN_OBJC_ROOT_CLASS = YES_ERROR;
				CLANG_WARN_RANGE_LOOP_ANALYSIS = YES;
				CLANG_WARN_STRICT_PROTOTYPES = YES;
				CLANG_WARN_SUSPICIOUS_MOVE = YES;
				CLANG_WARN_UNGUARDED_AVAILABILITY = YES_AGGRESSIVE;
				CLANG_WARN_UNREACHABLE_CODE = YES;
				CLANG_WARN__DUPLICATE_METHOD_MATCH = YES;
				CODE_SIGN_IDENTITY = "iPhone Developer";
				COPY_PHASE_STRIP = NO;
				DEBUG_INFORMATION_FORMAT = "dwarf-with-dsym";
				ENABLE_NS_ASSERTIONS = NO;
				ENABLE_STRICT_OBJC_MSGSEND = YES;
				GCC_C_LANGUAGE_STANDARD = gnu11;
				GCC_NO_COMMON_BLOCKS = YES;
				GCC_WARN_64_TO_32_BIT_CONVERSION = YES;
				GCC_WARN_ABOUT_RETURN_TYPE = YES_ERROR;
				GCC_WARN_UNDECLARED_SELECTOR = YES;
				GCC_WARN_UNINITIALIZED_AUTOS = YES_AGGRESSIVE;
				GCC_WARN_UNUSED_FUNCTION = YES;
				GCC_WARN_UNUSED_VARIABLE = YES;
				IPHONEOS_DEPLOYMENT_TARGET = 11.2;
				MTL_ENABLE_DEBUG_INFO = NO;
				SDKROOT = iphoneos;
				SWIFT_OPTIMIZATION_LEVEL = "-Owholemodule";
				VALIDATE_PRODUCT = YES;
			};
			name = Release;
		};
		6CA194501FDAE43C004E8EEA /* Debug */ = {
			isa = XCBuildConfiguration;
			buildSettings = {
				ASSETCATALOG_COMPILER_APPICON_NAME = AppIcon;
				CODE_SIGN_STYLE = Automatic;
				INFOPLIST_FILE = HelloWorld/Info.plist;
				LD_RUNPATH_SEARCH_PATHS = "$(inherited) @executable_path/Frameworks";
				PRODUCT_BUNDLE_IDENTIFIER = Legitness.HelloWorld;
				PRODUCT_NAME = "$(TARGET_NAME)";
				SWIFT_VERSION = 4.0;
				TARGETED_DEVICE_FAMILY = "1,2";
			};
			name = Debug;
		};
		6CA194511FDAE43C004E8EEA /* Release */ = {
			isa = XCBuildConfiguration;
			buildSettings = {
				ASSETCATALOG_COMPILER_APPICON_NAME = AppIcon;
				CODE_SIGN_STYLE = Automatic;
				INFOPLIST_FILE = HelloWorld/Info.plist;
				LD_RUNPATH_SEARCH_PATHS = "$(inherited) @executable_path/Frameworks";
				PRODUCT_BUNDLE_IDENTIFIER = Legitness.HelloWorld;
				PRODUCT_NAME = "$(TARGET_NAME)";
				SWIFT_VERSION = 4.0;
				TARGETED_DEVICE_FAMILY = "1,2";
			};
			name = Release;
		};
		6CA194531FDAE43C004E8EEA /* Debug */ = {
			isa = XCBuildConfiguration;
			buildSettings = {
				ALWAYS_EMBED_SWIFT_STANDARD_LIBRARIES = YES;
				BUNDLE_LOADER = "$(TEST_HOST)";
				CODE_SIGN_STYLE = Automatic;
				INFOPLIST_FILE = HelloWorldTests/Info.plist;
				LD_RUNPATH_SEARCH_PATHS = "$(inherited) @executable_path/Frameworks @loader_path/Frameworks";
				PRODUCT_BUNDLE_IDENTIFIER = Legitness.HelloWorldTests;
				PRODUCT_NAME = "$(TARGET_NAME)";
				SWIFT_VERSION = 4.0;
				TARGETED_DEVICE_FAMILY = "1,2";
				TEST_HOST = "$(BUILT_PRODUCTS_DIR)/HelloWorld.app/HelloWorld";
			};
			name = Debug;
		};
		6CA194541FDAE43C004E8EEA /* Release */ = {
			isa = XCBuildConfiguration;
			buildSettings = {
				ALWAYS_EMBED_SWIFT_STANDARD_LIBRARIES = YES;
				BUNDLE_LOADER = "$(TEST_HOST)";
				CODE_SIGN_STYLE = Automatic;
				INFOPLIST_FILE = HelloWorldTests/Info.plist;
				LD_RUNPATH_SEARCH_PATHS = "$(inherited) @executable_path/Frameworks @loader_path/Frameworks";
				PRODUCT_BUNDLE_IDENTIFIER = Legitness.HelloWorldTests;
				PRODUCT_NAME = "$(TARGET_NAME)";
				SWIFT_VERSION = 4.0;
				TARGETED_DEVICE_FAMILY = "1,2";
				TEST_HOST = "$(BUILT_PRODUCTS_DIR)/HelloWorld.app/HelloWorld";
			};
			name = Release;
		};
		6CA194561FDAE43C004E8EEA /* Debug */ = {
			isa = XCBuildConfiguration;
			buildSettings = {
				ALWAYS_EMBED_SWIFT_STANDARD_LIBRARIES = YES;
				CODE_SIGN_STYLE = Automatic;
				INFOPLIST_FILE = HelloWorldUITests/Info.plist;
				LD_RUNPATH_SEARCH_PATHS = "$(inherited) @executable_path/Frameworks @loader_path/Frameworks";
				PRODUCT_BUNDLE_IDENTIFIER = Legitness.HelloWorldUITests;
				PRODUCT_NAME = "$(TARGET_NAME)";
				SWIFT_VERSION = 4.0;
				TARGETED_DEVICE_FAMILY = "1,2";
				TEST_TARGET_NAME = HelloWorld;
			};
			name = Debug;
		};
		6CA194571FDAE43C004E8EEA /* Release */ = {
			isa = XCBuildConfiguration;
			buildSettings = {
				ALWAYS_EMBED_SWIFT_STANDARD_LIBRARIES = YES;
				CODE_SIGN_STYLE = Automatic;
				INFOPLIST_FILE = HelloWorldUITests/Info.plist;
				LD_RUNPATH_SEARCH_PATHS = "$(inherited) @executable_path/Frameworks @loader_path/Frameworks";
				PRODUCT_BUNDLE_IDENTIFIER = Legitness.HelloWorldUITests;
				PRODUCT_NAME = "$(TARGET_NAME)";
				SWIFT_VERSION = 4.0;
				TARGETED_DEVICE_FAMILY = "1,2";
				TEST_TARGET_NAME = HelloWorld;
			};
			name = Release;
		};
/* End XCBuildConfiguration section */

/* Begin XCConfigurationList section */
		6CA194221FDAE43B004E8EEA /* Build configuration list for PBXProject "HelloWorld" */ = {
			isa = XCConfigurationList;
			buildConfigurations = (
				6CA1944D1FDAE43C004E8EEA /* Debug */,
				6CA1944E1FDAE43C004E8EEA /* Release */,
			);
			defaultConfigurationIsVisible = 0;
			defaultConfigurationName = Release;
		};
		6CA1944F1FDAE43C004E8EEA /* Build configuration list for PBXNativeTarget "HelloWorld" */ = {
			isa = XCConfigurationList;
			buildConfigurations = (
				6CA194501FDAE43C004E8EEA /* Debug */,
				6CA194511FDAE43C004E8EEA /* Release */,
			);
			defaultConfigurationIsVisible = 0;
			defaultConfigurationName = Release;
		};
		6CA194521FDAE43C004E8EEA /* Build configuration list for PBXNativeTarget "HelloWorldTests" */ = {
			isa = XCConfigurationList;
			buildConfigurations = (
				6CA194531FDAE43C004E8EEA /* Debug */,
				6CA194541FDAE43C004E8EEA /* Release */,
			);
			defaultConfigurationIsVisible = 0;
			defaultConfigurationName = Release;
		};
		6CA194551FDAE43C004E8EEA /* Build configuration list for PBXNativeTarget "HelloWorldUITests" */ = {
			isa = XCConfigurationList;
			buildConfigurations = (
				6CA194561FDAE43C004E8EEA /* Debug */,
				6CA194571FDAE43C004E8EEA /* Release */,
			);
			defaultConfigurationIsVisible = 0;
			defaultConfigurationName = Release;
		};
/* End XCConfigurationList section */
	};
	rootObject = 6CA1941F1FDAE43B004E8EEA /* Project object */;
}
